
Microsoft Visual Studio Solution File, Format Version 12.00
# Visual Studio Version 17
VisualStudioVersion = 17.6.33829.357
MinimumVisualStudioVersion = 10.0.40219.1
Project("{9A19103F-16F7-4668-BE54-9A1E7A4F7556}") = "SK0520.Plugins.TextIO", "SK0520.Plugins.TextIO\SK0520.Plugins.TextIO.csproj", "{B12B39A5-3A78-44E9-8A03-2BCBC342A064}"
EndProject
Project("{2150E333-8FDC-42A3-9474-1A3956D46DE8}") = "Pe", "Pe", "{DBE053E6-3475-400D-9953-45F51DE005F1}"
EndProject
Project("{2150E333-8FDC-42A3-9474-1A3956D46DE8}") = "bridge", "bridge", "{3E15B7DA-ECCC-4565-939D-88FC12217EA2}"
EndProject
Project("{9A19103F-16F7-4668-BE54-9A1E7A4F7556}") = "Pe.Bridge", "Pe\Source\Pe\Pe.Bridge\Pe.Bridge.csproj", "{04C004B7-A1B1-4A9E-BD31-99C2DCD24100}"
EndProject
Project("{9A19103F-16F7-4668-BE54-9A1E7A4F7556}") = "Pe.Embedded", "Pe\Source\Pe\Pe.Embedded\Pe.Embedded.csproj", "{9A013A6F-8BC6-41A5-821C-44BF49DCB7D7}"
EndProject
Project("{2150E333-8FDC-42A3-9474-1A3956D46DE8}") = "lib", "lib", "{017F98D3-BCC6-47BF-B7F5-B175F630D567}"
EndProject
Project("{2150E333-8FDC-42A3-9474-1A3956D46DE8}") = "standard", "standard", "{D386D33E-1EA9-4C7C-890A-F9CDACC9DB3C}"
EndProject
Project("{9A19103F-16F7-4668-BE54-9A1E7A4F7556}") = "Pe.Standard.Base", "Pe\Source\Pe\Pe.Standard.Base\Pe.Standard.Base.csproj", "{3F91F3BF-D90C-45AA-B5BE-B4116F0CE01D}"
EndProject
Project("{9A19103F-16F7-4668-BE54-9A1E7A4F7556}") = "Pe.Standard.Database", "Pe\Source\Pe\Pe.Standard.Database\Pe.Standard.Database.csproj", "{774BD026-81BB-4B1B-97ED-1D3E99AE6DFC}"
EndProject
Project("{9A19103F-16F7-4668-BE54-9A1E7A4F7556}") = "Pe.Standard.DependencyInjection", "Pe\Source\Pe\Pe.Standard.DependencyInjection\Pe.Standard.DependencyInjection.csproj", "{2E2090E4-F21C-4B6B-9189-CBF3C987E395}"
EndProject
Project("{9A19103F-16F7-4668-BE54-9A1E7A4F7556}") = "Pe.PInvoke", "Pe\Source\Pe\Pe.PInvoke\Pe.PInvoke.csproj", "{EBA36B93-D898-4FD7-9567-E2DD8DF5AA97}"
EndProject
Project("{9A19103F-16F7-4668-BE54-9A1E7A4F7556}") = "Pe.Core", "Pe\Source\Pe\Pe.Core\Pe.Core.csproj", "{5ABA4C44-249D-485A-85F4-BF8D7270BFB3}"
EndProject
Project("{2150E333-8FDC-42A3-9474-1A3956D46DE8}") = "plugins", "plugins", "{6332B85A-A637-4D32-9BB6-93136AA6B47A}"
EndProject
Project("{9A19103F-16F7-4668-BE54-9A1E7A4F7556}") = "Pe.Plugins.DefaultTheme", "Pe\Source\Pe\Pe.Plugins.DefaultTheme\Pe.Plugins.DefaultTheme.csproj", "{FA3B15B4-6602-4B68-AF68-578181205685}"
EndProject
Project("{9A19103F-16F7-4668-BE54-9A1E7A4F7556}") = "Pe.Main", "Pe\Source\Pe\Pe.Main\Pe.Main.csproj", "{0AB97DA3-BF74-4D39-A3AB-74661482A586}"
EndProject
Project("{9A19103F-16F7-4668-BE54-9A1E7A4F7556}") = "SK0520.Plugins.TextIO.Test", "SK0520.Plugins.TextIO.Test\SK0520.Plugins.TextIO.Test.csproj", "{A61E6114-5548-498A-BB66-C8D7473F37CB}"
EndProject
Project("{9A19103F-16F7-4668-BE54-9A1E7A4F7556}") = "Pe.Standard.CliProxy", "Pe\Source\Pe\Pe.Standard.CliProxy\Pe.Standard.CliProxy.csproj", "{E41CC505-3C64-469D-AAB7-48885A09230B}"
EndProject
Project("{9A19103F-16F7-4668-BE54-9A1E7A4F7556}") = "Pe.Standard.Property", "Pe\Source\Pe\Pe.Standard.Property\Pe.Standard.Property.csproj", "{74154E4A-C6B7-437F-929C-E2F028843B71}"
EndProject
Global
	GlobalSection(SolutionConfigurationPlatforms) = preSolution
		Debug|x64 = Debug|x64
		Debug|x86 = Debug|x86
		Release|x64 = Release|x64
		Release|x86 = Release|x86
	EndGlobalSection
	GlobalSection(ProjectConfigurationPlatforms) = postSolution
		{B12B39A5-3A78-44E9-8A03-2BCBC342A064}.Debug|x64.ActiveCfg = Debug|x64
		{B12B39A5-3A78-44E9-8A03-2BCBC342A064}.Debug|x64.Build.0 = Debug|x64
		{B12B39A5-3A78-44E9-8A03-2BCBC342A064}.Debug|x86.ActiveCfg = Debug|x86
		{B12B39A5-3A78-44E9-8A03-2BCBC342A064}.Debug|x86.Build.0 = Debug|x86
		{B12B39A5-3A78-44E9-8A03-2BCBC342A064}.Release|x64.ActiveCfg = Release|x64
		{B12B39A5-3A78-44E9-8A03-2BCBC342A064}.Release|x64.Build.0 = Release|x64
		{B12B39A5-3A78-44E9-8A03-2BCBC342A064}.Release|x86.ActiveCfg = Release|x86
		{B12B39A5-3A78-44E9-8A03-2BCBC342A064}.Release|x86.Build.0 = Release|x86
		{04C004B7-A1B1-4A9E-BD31-99C2DCD24100}.Debug|x64.ActiveCfg = Debug|x64
		{04C004B7-A1B1-4A9E-BD31-99C2DCD24100}.Debug|x64.Build.0 = Debug|x64
		{04C004B7-A1B1-4A9E-BD31-99C2DCD24100}.Debug|x86.ActiveCfg = Debug|x86
		{04C004B7-A1B1-4A9E-BD31-99C2DCD24100}.Debug|x86.Build.0 = Debug|x86
		{04C004B7-A1B1-4A9E-BD31-99C2DCD24100}.Release|x64.ActiveCfg = Release|x64
		{04C004B7-A1B1-4A9E-BD31-99C2DCD24100}.Release|x64.Build.0 = Release|x64
		{04C004B7-A1B1-4A9E-BD31-99C2DCD24100}.Release|x86.ActiveCfg = Release|x86
		{04C004B7-A1B1-4A9E-BD31-99C2DCD24100}.Release|x86.Build.0 = Release|x86
		{9A013A6F-8BC6-41A5-821C-44BF49DCB7D7}.Debug|x64.ActiveCfg = Debug|x64
		{9A013A6F-8BC6-41A5-821C-44BF49DCB7D7}.Debug|x64.Build.0 = Debug|x64
		{9A013A6F-8BC6-41A5-821C-44BF49DCB7D7}.Debug|x86.ActiveCfg = Debug|x86
		{9A013A6F-8BC6-41A5-821C-44BF49DCB7D7}.Debug|x86.Build.0 = Debug|x86
		{9A013A6F-8BC6-41A5-821C-44BF49DCB7D7}.Release|x64.ActiveCfg = Release|x64
		{9A013A6F-8BC6-41A5-821C-44BF49DCB7D7}.Release|x64.Build.0 = Release|x64
		{9A013A6F-8BC6-41A5-821C-44BF49DCB7D7}.Release|x86.ActiveCfg = Release|x86
		{9A013A6F-8BC6-41A5-821C-44BF49DCB7D7}.Release|x86.Build.0 = Release|x86
		{3F91F3BF-D90C-45AA-B5BE-B4116F0CE01D}.Debug|x64.ActiveCfg = Debug|x64
		{3F91F3BF-D90C-45AA-B5BE-B4116F0CE01D}.Debug|x64.Build.0 = Debug|x64
		{3F91F3BF-D90C-45AA-B5BE-B4116F0CE01D}.Debug|x86.ActiveCfg = Debug|x86
		{3F91F3BF-D90C-45AA-B5BE-B4116F0CE01D}.Debug|x86.Build.0 = Debug|x86
		{3F91F3BF-D90C-45AA-B5BE-B4116F0CE01D}.Release|x64.ActiveCfg = Release|x64
		{3F91F3BF-D90C-45AA-B5BE-B4116F0CE01D}.Release|x64.Build.0 = Release|x64
		{3F91F3BF-D90C-45AA-B5BE-B4116F0CE01D}.Release|x86.ActiveCfg = Release|x86
		{3F91F3BF-D90C-45AA-B5BE-B4116F0CE01D}.Release|x86.Build.0 = Release|x86
		{774BD026-81BB-4B1B-97ED-1D3E99AE6DFC}.Debug|x64.ActiveCfg = Debug|x64
		{774BD026-81BB-4B1B-97ED-1D3E99AE6DFC}.Debug|x64.Build.0 = Debug|x64
		{774BD026-81BB-4B1B-97ED-1D3E99AE6DFC}.Debug|x86.ActiveCfg = Debug|x86
		{774BD026-81BB-4B1B-97ED-1D3E99AE6DFC}.Debug|x86.Build.0 = Debug|x86
		{774BD026-81BB-4B1B-97ED-1D3E99AE6DFC}.Release|x64.ActiveCfg = Release|x64
		{774BD026-81BB-4B1B-97ED-1D3E99AE6DFC}.Release|x64.Build.0 = Release|x64
		{774BD026-81BB-4B1B-97ED-1D3E99AE6DFC}.Release|x86.ActiveCfg = Release|x86
		{774BD026-81BB-4B1B-97ED-1D3E99AE6DFC}.Release|x86.Build.0 = Release|x86
		{2E2090E4-F21C-4B6B-9189-CBF3C987E395}.Debug|x64.ActiveCfg = Debug|x64
		{2E2090E4-F21C-4B6B-9189-CBF3C987E395}.Debug|x64.Build.0 = Debug|x64
		{2E2090E4-F21C-4B6B-9189-CBF3C987E395}.Debug|x86.ActiveCfg = Debug|x86
		{2E2090E4-F21C-4B6B-9189-CBF3C987E395}.Debug|x86.Build.0 = Debug|x86
		{2E2090E4-F21C-4B6B-9189-CBF3C987E395}.Release|x64.ActiveCfg = Release|x64
		{2E2090E4-F21C-4B6B-9189-CBF3C987E395}.Release|x64.Build.0 = Release|x64
		{2E2090E4-F21C-4B6B-9189-CBF3C987E395}.Release|x86.ActiveCfg = Release|x86
		{2E2090E4-F21C-4B6B-9189-CBF3C987E395}.Release|x86.Build.0 = Release|x86
		{EBA36B93-D898-4FD7-9567-E2DD8DF5AA97}.Debug|x64.ActiveCfg = Debug|x64
		{EBA36B93-D898-4FD7-9567-E2DD8DF5AA97}.Debug|x64.Build.0 = Debug|x64
		{EBA36B93-D898-4FD7-9567-E2DD8DF5AA97}.Debug|x86.ActiveCfg = Debug|x86
		{EBA36B93-D898-4FD7-9567-E2DD8DF5AA97}.Debug|x86.Build.0 = Debug|x86
		{EBA36B93-D898-4FD7-9567-E2DD8DF5AA97}.Release|x64.ActiveCfg = Release|x64
		{EBA36B93-D898-4FD7-9567-E2DD8DF5AA97}.Release|x64.Build.0 = Release|x64
		{EBA36B93-D898-4FD7-9567-E2DD8DF5AA97}.Release|x86.ActiveCfg = Release|x86
		{EBA36B93-D898-4FD7-9567-E2DD8DF5AA97}.Release|x86.Build.0 = Release|x86
		{5ABA4C44-249D-485A-85F4-BF8D7270BFB3}.Debug|x64.ActiveCfg = Debug|x64
		{5ABA4C44-249D-485A-85F4-BF8D7270BFB3}.Debug|x64.Build.0 = Debug|x64
		{5ABA4C44-249D-485A-85F4-BF8D7270BFB3}.Debug|x86.ActiveCfg = Debug|x86
		{5ABA4C44-249D-485A-85F4-BF8D7270BFB3}.Debug|x86.Build.0 = Debug|x86
		{5ABA4C44-249D-485A-85F4-BF8D7270BFB3}.Release|x64.ActiveCfg = Release|x64
		{5ABA4C44-249D-485A-85F4-BF8D7270BFB3}.Release|x64.Build.0 = Release|x64
		{5ABA4C44-249D-485A-85F4-BF8D7270BFB3}.Release|x86.ActiveCfg = Release|x86
		{5ABA4C44-249D-485A-85F4-BF8D7270BFB3}.Release|x86.Build.0 = Release|x86
		{FA3B15B4-6602-4B68-AF68-578181205685}.Debug|x64.ActiveCfg = Debug|x64
		{FA3B15B4-6602-4B68-AF68-578181205685}.Debug|x64.Build.0 = Debug|x64
		{FA3B15B4-6602-4B68-AF68-578181205685}.Debug|x86.ActiveCfg = Debug|x86
		{FA3B15B4-6602-4B68-AF68-578181205685}.Debug|x86.Build.0 = Debug|x86
		{FA3B15B4-6602-4B68-AF68-578181205685}.Release|x64.ActiveCfg = Release|x64
		{FA3B15B4-6602-4B68-AF68-578181205685}.Release|x64.Build.0 = Release|x64
		{FA3B15B4-6602-4B68-AF68-578181205685}.Release|x86.ActiveCfg = Release|x86
		{FA3B15B4-6602-4B68-AF68-578181205685}.Release|x86.Build.0 = Release|x86
		{0AB97DA3-BF74-4D39-A3AB-74661482A586}.Debug|x64.ActiveCfg = Debug|x64
		{0AB97DA3-BF74-4D39-A3AB-74661482A586}.Debug|x64.Build.0 = Debug|x64
		{0AB97DA3-BF74-4D39-A3AB-74661482A586}.Debug|x86.ActiveCfg = Debug|x86
		{0AB97DA3-BF74-4D39-A3AB-74661482A586}.Debug|x86.Build.0 = Debug|x86
		{0AB97DA3-BF74-4D39-A3AB-74661482A586}.Release|x64.ActiveCfg = Release|x64
		{0AB97DA3-BF74-4D39-A3AB-74661482A586}.Release|x64.Build.0 = Release|x64
		{0AB97DA3-BF74-4D39-A3AB-74661482A586}.Release|x86.ActiveCfg = Release|x86
		{0AB97DA3-BF74-4D39-A3AB-74661482A586}.Release|x86.Build.0 = Release|x86
		{A61E6114-5548-498A-BB66-C8D7473F37CB}.Debug|x64.ActiveCfg = Debug|x64
		{A61E6114-5548-498A-BB66-C8D7473F37CB}.Debug|x64.Build.0 = Debug|x64
		{A61E6114-5548-498A-BB66-C8D7473F37CB}.Debug|x86.ActiveCfg = Debug|x86
		{A61E6114-5548-498A-BB66-C8D7473F37CB}.Debug|x86.Build.0 = Debug|x86
		{A61E6114-5548-498A-BB66-C8D7473F37CB}.Release|x64.ActiveCfg = Release|x64
		{A61E6114-5548-498A-BB66-C8D7473F37CB}.Release|x64.Build.0 = Release|x64
		{A61E6114-5548-498A-BB66-C8D7473F37CB}.Release|x86.ActiveCfg = Release|x86
		{A61E6114-5548-498A-BB66-C8D7473F37CB}.Release|x86.Build.0 = Release|x86
		{E41CC505-3C64-469D-AAB7-48885A09230B}.Debug|x64.ActiveCfg = Debug|x64
		{E41CC505-3C64-469D-AAB7-48885A09230B}.Debug|x64.Build.0 = Debug|x64
		{E41CC505-3C64-469D-AAB7-48885A09230B}.Debug|x86.ActiveCfg = Debug|x86
		{E41CC505-3C64-469D-AAB7-48885A09230B}.Debug|x86.Build.0 = Debug|x86
		{E41CC505-3C64-469D-AAB7-48885A09230B}.Release|x64.ActiveCfg = Release|x64
		{E41CC505-3C64-469D-AAB7-48885A09230B}.Release|x64.Build.0 = Release|x64
		{E41CC505-3C64-469D-AAB7-48885A09230B}.Release|x86.ActiveCfg = Release|x86
		{E41CC505-3C64-469D-AAB7-48885A09230B}.Release|x86.Build.0 = Release|x86
		{74154E4A-C6B7-437F-929C-E2F028843B71}.Debug|x64.ActiveCfg = Debug|x64
		{74154E4A-C6B7-437F-929C-E2F028843B71}.Debug|x64.Build.0 = Debug|x64
		{74154E4A-C6B7-437F-929C-E2F028843B71}.Debug|x86.ActiveCfg = Debug|x86
		{74154E4A-C6B7-437F-929C-E2F028843B71}.Debug|x86.Build.0 = Debug|x86
		{74154E4A-C6B7-437F-929C-E2F028843B71}.Release|x64.ActiveCfg = Release|x64
		{74154E4A-C6B7-437F-929C-E2F028843B71}.Release|x64.Build.0 = Release|x64
		{74154E4A-C6B7-437F-929C-E2F028843B71}.Release|x86.ActiveCfg = Release|x86
		{74154E4A-C6B7-437F-929C-E2F028843B71}.Release|x86.Build.0 = Release|x86
	EndGlobalSection
	GlobalSection(SolutionProperties) = preSolution
		HideSolutionNode = FALSE
	EndGlobalSection
	GlobalSection(NestedProjects) = preSolution
		{3E15B7DA-ECCC-4565-939D-88FC12217EA2} = {DBE053E6-3475-400D-9953-45F51DE005F1}
		{04C004B7-A1B1-4A9E-BD31-99C2DCD24100} = {3E15B7DA-ECCC-4565-939D-88FC12217EA2}
		{9A013A6F-8BC6-41A5-821C-44BF49DCB7D7} = {3E15B7DA-ECCC-4565-939D-88FC12217EA2}
		{017F98D3-BCC6-47BF-B7F5-B175F630D567} = {DBE053E6-3475-400D-9953-45F51DE005F1}
		{D386D33E-1EA9-4C7C-890A-F9CDACC9DB3C} = {017F98D3-BCC6-47BF-B7F5-B175F630D567}
		{3F91F3BF-D90C-45AA-B5BE-B4116F0CE01D} = {D386D33E-1EA9-4C7C-890A-F9CDACC9DB3C}
		{774BD026-81BB-4B1B-97ED-1D3E99AE6DFC} = {D386D33E-1EA9-4C7C-890A-F9CDACC9DB3C}
		{2E2090E4-F21C-4B6B-9189-CBF3C987E395} = {D386D33E-1EA9-4C7C-890A-F9CDACC9DB3C}
		{EBA36B93-D898-4FD7-9567-E2DD8DF5AA97} = {017F98D3-BCC6-47BF-B7F5-B175F630D567}
		{5ABA4C44-249D-485A-85F4-BF8D7270BFB3} = {017F98D3-BCC6-47BF-B7F5-B175F630D567}
		{6332B85A-A637-4D32-9BB6-93136AA6B47A} = {017F98D3-BCC6-47BF-B7F5-B175F630D567}
		{FA3B15B4-6602-4B68-AF68-578181205685} = {6332B85A-A637-4D32-9BB6-93136AA6B47A}
		{0AB97DA3-BF74-4D39-A3AB-74661482A586} = {DBE053E6-3475-400D-9953-45F51DE005F1}
		{E41CC505-3C64-469D-AAB7-48885A09230B} = {D386D33E-1EA9-4C7C-890A-F9CDACC9DB3C}
		{74154E4A-C6B7-437F-929C-E2F028843B71} = {D386D33E-1EA9-4C7C-890A-F9CDACC9DB3C}
	EndGlobalSection
EndGlobal
